
Microsoft Visual Studio Solution File, Format Version 12.00
# Visual Studio 2012
Project("{FAE04EC0-301F-11D3-BF4B-00C04F79EFBC}") = "sde_wms_pullpushMQ", "wms_pullpushMQ\sde_wms_pullpushMQ.csproj", "{34AAF31D-76A7-4823-B26D-23D6D2C353A3}"
EndProject
Global
	GlobalSection(SolutionConfigurationPlatforms) = preSolution
		Debug|Any CPU = Debug|Any CPU
		Release|Any CPU = Release|Any CPU
	EndGlobalSection
	GlobalSection(ProjectConfigurationPlatforms) = postSolution
		{34AAF31D-76A7-4823-B26D-23D6D2C353A3}.Debug|Any CPU.ActiveCfg = Debug|Any CPU
		{34AAF31D-76A7-4823-B26D-23D6D2C353A3}.Debug|Any CPU.Build.0 = Debug|Any CPU
		{34AAF31D-76A7-4823-B26D-23D6D2C353A3}.Release|Any CPU.ActiveCfg = Release|Any CPU
		{34AAF31D-76A7-4823-B26D-23D6D2C353A3}.Release|Any CPU.Build.0 = Release|Any CPU
	EndGlobalSection
	GlobalSection(SolutionProperties) = preSolution
		HideSolutionNode = FALSE
	EndGlobalSection
EndGlobal
